// !$*UTF8*$!
{
	archiveVersion = 1;
	classes = {
	};
	objectVersion = 56;
	objects = {

/* Begin PBXBuildFile section */
		A45563742BA42CAB00E5A83C /* Pretendard-Bold.otf in Resources */ = {isa = PBXBuildFile; fileRef = A45563722BA42CAB00E5A83C /* Pretendard-Bold.otf */; };
		A45563752BA42CAB00E5A83C /* Pretendard-Bold.otf in Resources */ = {isa = PBXBuildFile; fileRef = A45563722BA42CAB00E5A83C /* Pretendard-Bold.otf */; };
		A45563762BA42CAB00E5A83C /* Pretendard-Medium.otf in Resources */ = {isa = PBXBuildFile; fileRef = A45563732BA42CAB00E5A83C /* Pretendard-Medium.otf */; };
		A45563772BA42CAB00E5A83C /* Pretendard-Medium.otf in Resources */ = {isa = PBXBuildFile; fileRef = A45563732BA42CAB00E5A83C /* Pretendard-Medium.otf */; };
		A455637A2BA42CF900E5A83C /* UIFontExtension.swift in Sources */ = {isa = PBXBuildFile; fileRef = A45563792BA42CF900E5A83C /* UIFontExtension.swift */; };
		A455637B2BA42CF900E5A83C /* UIFontExtension.swift in Sources */ = {isa = PBXBuildFile; fileRef = A45563792BA42CF900E5A83C /* UIFontExtension.swift */; };
		A455637D2BA4305D00E5A83C /* UIColorExtension.swift in Sources */ = {isa = PBXBuildFile; fileRef = A455637C2BA4305D00E5A83C /* UIColorExtension.swift */; };
		A455637E2BA4305D00E5A83C /* UIColorExtension.swift in Sources */ = {isa = PBXBuildFile; fileRef = A455637C2BA4305D00E5A83C /* UIColorExtension.swift */; };
		A45563842BA555AC00E5A83C /* Coordinator.swift in Sources */ = {isa = PBXBuildFile; fileRef = A45563832BA555AC00E5A83C /* Coordinator.swift */; };
		A45563852BA555AC00E5A83C /* Coordinator.swift in Sources */ = {isa = PBXBuildFile; fileRef = A45563832BA555AC00E5A83C /* Coordinator.swift */; };
		A455638D2BA556AD00E5A83C /* SignInButton.swift in Sources */ = {isa = PBXBuildFile; fileRef = A455638C2BA556AD00E5A83C /* SignInButton.swift */; };
		A455638E2BA556AD00E5A83C /* SignInButton.swift in Sources */ = {isa = PBXBuildFile; fileRef = A455638C2BA556AD00E5A83C /* SignInButton.swift */; };
		A45563912BA5576F00E5A83C /* ReactorKit in Frameworks */ = {isa = PBXBuildFile; productRef = A45563902BA5576F00E5A83C /* ReactorKit */; };
		A45563932BA5576F00E5A83C /* SnapKit in Frameworks */ = {isa = PBXBuildFile; productRef = A45563922BA5576F00E5A83C /* SnapKit */; };
		A45563952BA5577800E5A83C /* ReactorKit in Frameworks */ = {isa = PBXBuildFile; productRef = A45563942BA5577800E5A83C /* ReactorKit */; };
		A45563972BA5577800E5A83C /* SnapKit in Frameworks */ = {isa = PBXBuildFile; productRef = A45563962BA5577800E5A83C /* SnapKit */; };
		A455639A2BA557CA00E5A83C /* StringConstant.swift in Sources */ = {isa = PBXBuildFile; fileRef = A45563992BA557CA00E5A83C /* StringConstant.swift */; };
		A455639B2BA557CA00E5A83C /* StringConstant.swift in Sources */ = {isa = PBXBuildFile; fileRef = A45563992BA557CA00E5A83C /* StringConstant.swift */; };
		A455639E2BA55B9200E5A83C /* RxCocoa in Frameworks */ = {isa = PBXBuildFile; productRef = A455639D2BA55B9200E5A83C /* RxCocoa */; };
		A45563A02BA55B9B00E5A83C /* RxCocoa in Frameworks */ = {isa = PBXBuildFile; productRef = A455639F2BA55B9B00E5A83C /* RxCocoa */; };
		A45563A32BA595D100E5A83C /* KakaoSDK in Frameworks */ = {isa = PBXBuildFile; productRef = A45563A22BA595D100E5A83C /* KakaoSDK */; };
		A45563A52BA595D100E5A83C /* KakaoSDKAuth in Frameworks */ = {isa = PBXBuildFile; productRef = A45563A42BA595D100E5A83C /* KakaoSDKAuth */; };
		A45563A72BA595DA00E5A83C /* KakaoSDK in Frameworks */ = {isa = PBXBuildFile; productRef = A45563A62BA595DA00E5A83C /* KakaoSDK */; };
		A45563A92BA595DA00E5A83C /* KakaoSDKAuth in Frameworks */ = {isa = PBXBuildFile; productRef = A45563A82BA595DA00E5A83C /* KakaoSDKAuth */; };
		A45563AB2BA67FDA00E5A83C /* AppCoordinator.swift in Sources */ = {isa = PBXBuildFile; fileRef = A45563AA2BA67FDA00E5A83C /* AppCoordinator.swift */; };
		A45563AC2BA67FDA00E5A83C /* AppCoordinator.swift in Sources */ = {isa = PBXBuildFile; fileRef = A45563AA2BA67FDA00E5A83C /* AppCoordinator.swift */; };
		A45563B02BA68C5D00E5A83C /* SignInCoordinatorDependencies.swift in Sources */ = {isa = PBXBuildFile; fileRef = A45563AF2BA68C5D00E5A83C /* SignInCoordinatorDependencies.swift */; };
		A45563B12BA68C5D00E5A83C /* SignInCoordinatorDependencies.swift in Sources */ = {isa = PBXBuildFile; fileRef = A45563AF2BA68C5D00E5A83C /* SignInCoordinatorDependencies.swift */; };
		A45563B32BA68C7000E5A83C /* SignInCoordinator.swift in Sources */ = {isa = PBXBuildFile; fileRef = A45563B22BA68C7000E5A83C /* SignInCoordinator.swift */; };
		A45563B42BA68C7000E5A83C /* SignInCoordinator.swift in Sources */ = {isa = PBXBuildFile; fileRef = A45563B22BA68C7000E5A83C /* SignInCoordinator.swift */; };
		A45563BA2BA696C800E5A83C /* MainTabbar.swift in Sources */ = {isa = PBXBuildFile; fileRef = A45563B92BA696C800E5A83C /* MainTabbar.swift */; };
		A45563BB2BA696C800E5A83C /* MainTabbar.swift in Sources */ = {isa = PBXBuildFile; fileRef = A45563B92BA696C800E5A83C /* MainTabbar.swift */; };
		A45563BD2BA696E100E5A83C /* MainTabbarCoordinatorDependencies.swift in Sources */ = {isa = PBXBuildFile; fileRef = A45563BC2BA696E100E5A83C /* MainTabbarCoordinatorDependencies.swift */; };
		A45563BE2BA696E100E5A83C /* MainTabbarCoordinatorDependencies.swift in Sources */ = {isa = PBXBuildFile; fileRef = A45563BC2BA696E100E5A83C /* MainTabbarCoordinatorDependencies.swift */; };
		A45563C02BA6978700E5A83C /* BaseTabbarController.swift in Sources */ = {isa = PBXBuildFile; fileRef = A45563BF2BA6978700E5A83C /* BaseTabbarController.swift */; };
		A45563C12BA6978700E5A83C /* BaseTabbarController.swift in Sources */ = {isa = PBXBuildFile; fileRef = A45563BF2BA6978700E5A83C /* BaseTabbarController.swift */; };
		A45563C32BA697C000E5A83C /* CALayerExtension.swift in Sources */ = {isa = PBXBuildFile; fileRef = A45563C22BA697C000E5A83C /* CALayerExtension.swift */; };
		A45563C42BA697C000E5A83C /* CALayerExtension.swift in Sources */ = {isa = PBXBuildFile; fileRef = A45563C22BA697C000E5A83C /* CALayerExtension.swift */; };
		A45563C62BA697F000E5A83C /* UITabBarExtension.swift in Sources */ = {isa = PBXBuildFile; fileRef = A45563C52BA697F000E5A83C /* UITabBarExtension.swift */; };
		A45563C72BA697F000E5A83C /* UITabBarExtension.swift in Sources */ = {isa = PBXBuildFile; fileRef = A45563C52BA697F000E5A83C /* UITabBarExtension.swift */; };
		A45563C92BA69A8500E5A83C /* MainTabbarCoordinator.swift in Sources */ = {isa = PBXBuildFile; fileRef = A45563C82BA69A8500E5A83C /* MainTabbarCoordinator.swift */; };
		A45563CA2BA69A8500E5A83C /* MainTabbarCoordinator.swift in Sources */ = {isa = PBXBuildFile; fileRef = A45563C82BA69A8500E5A83C /* MainTabbarCoordinator.swift */; };
		A45563CF2BA880E700E5A83C /* CaledarTabViewController.swift in Sources */ = {isa = PBXBuildFile; fileRef = A45563CE2BA880E700E5A83C /* CaledarTabViewController.swift */; };
		A45563D02BA880E700E5A83C /* CaledarTabViewController.swift in Sources */ = {isa = PBXBuildFile; fileRef = A45563CE2BA880E700E5A83C /* CaledarTabViewController.swift */; };
		A45563D22BAB130300E5A83C /* CalendarCollectionViewCell.swift in Sources */ = {isa = PBXBuildFile; fileRef = A45563D12BAB130300E5A83C /* CalendarCollectionViewCell.swift */; };
		A45563D32BAB130300E5A83C /* CalendarCollectionViewCell.swift in Sources */ = {isa = PBXBuildFile; fileRef = A45563D12BAB130300E5A83C /* CalendarCollectionViewCell.swift */; };
		A45563D52BAB131E00E5A83C /* DateExtension.swift in Sources */ = {isa = PBXBuildFile; fileRef = A45563D42BAB131E00E5A83C /* DateExtension.swift */; };
		A45563D62BAB131E00E5A83C /* DateExtension.swift in Sources */ = {isa = PBXBuildFile; fileRef = A45563D42BAB131E00E5A83C /* DateExtension.swift */; };
		A45563DA2BAB17F000E5A83C /* CalendarTabCoordinatorDependencies.swift in Sources */ = {isa = PBXBuildFile; fileRef = A45563D92BAB17F000E5A83C /* CalendarTabCoordinatorDependencies.swift */; };
		A45563DB2BAB17F000E5A83C /* CalendarTabCoordinatorDependencies.swift in Sources */ = {isa = PBXBuildFile; fileRef = A45563D92BAB17F000E5A83C /* CalendarTabCoordinatorDependencies.swift */; };
		A45563DD2BAB180C00E5A83C /* CaledarTabCoordinator.swift in Sources */ = {isa = PBXBuildFile; fileRef = A45563DC2BAB180C00E5A83C /* CaledarTabCoordinator.swift */; };
		A45563DE2BAB180C00E5A83C /* CaledarTabCoordinator.swift in Sources */ = {isa = PBXBuildFile; fileRef = A45563DC2BAB180C00E5A83C /* CaledarTabCoordinator.swift */; };
		A45563E42BAB1A8100E5A83C /* SettingTabViewController.swift in Sources */ = {isa = PBXBuildFile; fileRef = A45563E32BAB1A8100E5A83C /* SettingTabViewController.swift */; };
		A45563E52BAB1A8100E5A83C /* SettingTabViewController.swift in Sources */ = {isa = PBXBuildFile; fileRef = A45563E32BAB1A8100E5A83C /* SettingTabViewController.swift */; };
		A45563E72BAB1ABA00E5A83C /* SettingTabCellWithSwitchView.swift in Sources */ = {isa = PBXBuildFile; fileRef = A45563E62BAB1ABA00E5A83C /* SettingTabCellWithSwitchView.swift */; };
		A45563E82BAB1ABA00E5A83C /* SettingTabCellWithSwitchView.swift in Sources */ = {isa = PBXBuildFile; fileRef = A45563E62BAB1ABA00E5A83C /* SettingTabCellWithSwitchView.swift */; };
		A45563EA2BAB1B1D00E5A83C /* SettingTabCellView.swift in Sources */ = {isa = PBXBuildFile; fileRef = A45563E92BAB1B1D00E5A83C /* SettingTabCellView.swift */; };
		A45563EB2BAB1B1D00E5A83C /* SettingTabCellView.swift in Sources */ = {isa = PBXBuildFile; fileRef = A45563E92BAB1B1D00E5A83C /* SettingTabCellView.swift */; };
		A45563ED2BAB1B3D00E5A83C /* UserNameCellView.swift in Sources */ = {isa = PBXBuildFile; fileRef = A45563EC2BAB1B3D00E5A83C /* UserNameCellView.swift */; };
		A45563EE2BAB1B3D00E5A83C /* UserNameCellView.swift in Sources */ = {isa = PBXBuildFile; fileRef = A45563EC2BAB1B3D00E5A83C /* UserNameCellView.swift */; };
		A45563F02BAFC97A00E5A83C /* MonthPickerView.swift in Sources */ = {isa = PBXBuildFile; fileRef = A45563EF2BAFC97A00E5A83C /* MonthPickerView.swift */; };
		A45563F12BAFC97A00E5A83C /* MonthPickerView.swift in Sources */ = {isa = PBXBuildFile; fileRef = A45563EF2BAFC97A00E5A83C /* MonthPickerView.swift */; };
		A45563F32BAFC99100E5A83C /* MonthPickerViewController.swift in Sources */ = {isa = PBXBuildFile; fileRef = A45563F22BAFC99100E5A83C /* MonthPickerViewController.swift */; };
		A45563F42BAFC99100E5A83C /* MonthPickerViewController.swift in Sources */ = {isa = PBXBuildFile; fileRef = A45563F22BAFC99100E5A83C /* MonthPickerViewController.swift */; };
		A45563F72BAFC9F800E5A83C /* SelectMonthDelegate.swift in Sources */ = {isa = PBXBuildFile; fileRef = A45563F62BAFC9F800E5A83C /* SelectMonthDelegate.swift */; };
		A45563F82BAFC9F800E5A83C /* SelectMonthDelegate.swift in Sources */ = {isa = PBXBuildFile; fileRef = A45563F62BAFC9F800E5A83C /* SelectMonthDelegate.swift */; };
		A45563FB2BB689AF00E5A83C /* SignInReactor.swift in Sources */ = {isa = PBXBuildFile; fileRef = A45563FA2BB689AF00E5A83C /* SignInReactor.swift */; };
		A45563FC2BB689AF00E5A83C /* SignInReactor.swift in Sources */ = {isa = PBXBuildFile; fileRef = A45563FA2BB689AF00E5A83C /* SignInReactor.swift */; };
		A48C03692B8AE83000690A10 /* AppDelegate.swift in Sources */ = {isa = PBXBuildFile; fileRef = A48C03682B8AE83000690A10 /* AppDelegate.swift */; };
		A48C036B2B8AE83000690A10 /* SceneDelegate.swift in Sources */ = {isa = PBXBuildFile; fileRef = A48C036A2B8AE83000690A10 /* SceneDelegate.swift */; };
		A48C03722B8AE83000690A10 /* Assets.xcassets in Resources */ = {isa = PBXBuildFile; fileRef = A48C03712B8AE83000690A10 /* Assets.xcassets */; };
		A48C03752B8AE83000690A10 /* LaunchScreen.storyboard in Resources */ = {isa = PBXBuildFile; fileRef = A48C03732B8AE83000690A10 /* LaunchScreen.storyboard */; };
		A48C03802B8AE83100690A10 /* ColorBookMarkV2Tests.swift in Sources */ = {isa = PBXBuildFile; fileRef = A48C037F2B8AE83100690A10 /* ColorBookMarkV2Tests.swift */; };
		A48C038A2B8AE83100690A10 /* ColorBookMarkV2UITests.swift in Sources */ = {isa = PBXBuildFile; fileRef = A48C03892B8AE83100690A10 /* ColorBookMarkV2UITests.swift */; };
		A48C038C2B8AE83100690A10 /* ColorBookMarkV2UITestsLaunchTests.swift in Sources */ = {isa = PBXBuildFile; fileRef = A48C038B2B8AE83100690A10 /* ColorBookMarkV2UITestsLaunchTests.swift */; };
		A48C03992B8AE8C900690A10 /* SignInViewController.swift in Sources */ = {isa = PBXBuildFile; fileRef = A48C03982B8AE8C900690A10 /* SignInViewController.swift */; };
		A48C039E2B8AF12500690A10 /* AppDelegate.swift in Sources */ = {isa = PBXBuildFile; fileRef = A48C03682B8AE83000690A10 /* AppDelegate.swift */; };
		A48C039F2B8AF12500690A10 /* SceneDelegate.swift in Sources */ = {isa = PBXBuildFile; fileRef = A48C036A2B8AE83000690A10 /* SceneDelegate.swift */; };
		A48C03A02B8AF12500690A10 /* SignInViewController.swift in Sources */ = {isa = PBXBuildFile; fileRef = A48C03982B8AE8C900690A10 /* SignInViewController.swift */; };
		A48C03A32B8AF12500690A10 /* LaunchScreen.storyboard in Resources */ = {isa = PBXBuildFile; fileRef = A48C03732B8AE83000690A10 /* LaunchScreen.storyboard */; };
		A48C03A42B8AF12500690A10 /* Assets.xcassets in Resources */ = {isa = PBXBuildFile; fileRef = A48C03712B8AE83000690A10 /* Assets.xcassets */; };
		A48C03AC2B8AF36700690A10 /* Info-debug.plist in Resources */ = {isa = PBXBuildFile; fileRef = A48C03AB2B8AF36700690A10 /* Info-debug.plist */; };
/* End PBXBuildFile section */

/* Begin PBXContainerItemProxy section */
		A48C037C2B8AE83100690A10 /* PBXContainerItemProxy */ = {
			isa = PBXContainerItemProxy;
			containerPortal = A48C035D2B8AE83000690A10 /* Project object */;
			proxyType = 1;
			remoteGlobalIDString = A48C03642B8AE83000690A10;
			remoteInfo = ColorBookMarkV2;
		};
		A48C03862B8AE83100690A10 /* PBXContainerItemProxy */ = {
			isa = PBXContainerItemProxy;
			containerPortal = A48C035D2B8AE83000690A10 /* Project object */;
			proxyType = 1;
			remoteGlobalIDString = A48C03642B8AE83000690A10;
			remoteInfo = ColorBookMarkV2;
		};
/* End PBXContainerItemProxy section */

/* Begin PBXFileReference section */
		A45563722BA42CAB00E5A83C /* Pretendard-Bold.otf */ = {isa = PBXFileReference; lastKnownFileType = file; path = "Pretendard-Bold.otf"; sourceTree = "<group>"; };
		A45563732BA42CAB00E5A83C /* Pretendard-Medium.otf */ = {isa = PBXFileReference; lastKnownFileType = file; path = "Pretendard-Medium.otf"; sourceTree = "<group>"; };
		A45563792BA42CF900E5A83C /* UIFontExtension.swift */ = {isa = PBXFileReference; lastKnownFileType = sourcecode.swift; path = UIFontExtension.swift; sourceTree = "<group>"; };
		A455637C2BA4305D00E5A83C /* UIColorExtension.swift */ = {isa = PBXFileReference; lastKnownFileType = sourcecode.swift; path = UIColorExtension.swift; sourceTree = "<group>"; };
		A45563832BA555AC00E5A83C /* Coordinator.swift */ = {isa = PBXFileReference; lastKnownFileType = sourcecode.swift; path = Coordinator.swift; sourceTree = "<group>"; };
		A455638C2BA556AD00E5A83C /* SignInButton.swift */ = {isa = PBXFileReference; lastKnownFileType = sourcecode.swift; path = SignInButton.swift; sourceTree = "<group>"; };
		A45563992BA557CA00E5A83C /* StringConstant.swift */ = {isa = PBXFileReference; lastKnownFileType = sourcecode.swift; path = StringConstant.swift; sourceTree = "<group>"; };
		A45563AA2BA67FDA00E5A83C /* AppCoordinator.swift */ = {isa = PBXFileReference; lastKnownFileType = sourcecode.swift; path = AppCoordinator.swift; sourceTree = "<group>"; };
		A45563AF2BA68C5D00E5A83C /* SignInCoordinatorDependencies.swift */ = {isa = PBXFileReference; lastKnownFileType = sourcecode.swift; path = SignInCoordinatorDependencies.swift; sourceTree = "<group>"; };
		A45563B22BA68C7000E5A83C /* SignInCoordinator.swift */ = {isa = PBXFileReference; lastKnownFileType = sourcecode.swift; path = SignInCoordinator.swift; sourceTree = "<group>"; };
		A45563B92BA696C800E5A83C /* MainTabbar.swift */ = {isa = PBXFileReference; lastKnownFileType = sourcecode.swift; path = MainTabbar.swift; sourceTree = "<group>"; };
		A45563BC2BA696E100E5A83C /* MainTabbarCoordinatorDependencies.swift */ = {isa = PBXFileReference; lastKnownFileType = sourcecode.swift; path = MainTabbarCoordinatorDependencies.swift; sourceTree = "<group>"; };
		A45563BF2BA6978700E5A83C /* BaseTabbarController.swift */ = {isa = PBXFileReference; lastKnownFileType = sourcecode.swift; path = BaseTabbarController.swift; sourceTree = "<group>"; };
		A45563C22BA697C000E5A83C /* CALayerExtension.swift */ = {isa = PBXFileReference; lastKnownFileType = sourcecode.swift; path = CALayerExtension.swift; sourceTree = "<group>"; };
		A45563C52BA697F000E5A83C /* UITabBarExtension.swift */ = {isa = PBXFileReference; lastKnownFileType = sourcecode.swift; path = UITabBarExtension.swift; sourceTree = "<group>"; };
		A45563C82BA69A8500E5A83C /* MainTabbarCoordinator.swift */ = {isa = PBXFileReference; lastKnownFileType = sourcecode.swift; path = MainTabbarCoordinator.swift; sourceTree = "<group>"; };
		A45563CE2BA880E700E5A83C /* CaledarTabViewController.swift */ = {isa = PBXFileReference; lastKnownFileType = sourcecode.swift; path = CaledarTabViewController.swift; sourceTree = "<group>"; };
		A45563D12BAB130300E5A83C /* CalendarCollectionViewCell.swift */ = {isa = PBXFileReference; lastKnownFileType = sourcecode.swift; path = CalendarCollectionViewCell.swift; sourceTree = "<group>"; };
		A45563D42BAB131E00E5A83C /* DateExtension.swift */ = {isa = PBXFileReference; lastKnownFileType = sourcecode.swift; path = DateExtension.swift; sourceTree = "<group>"; };
		A45563D92BAB17F000E5A83C /* CalendarTabCoordinatorDependencies.swift */ = {isa = PBXFileReference; lastKnownFileType = sourcecode.swift; path = CalendarTabCoordinatorDependencies.swift; sourceTree = "<group>"; };
		A45563DC2BAB180C00E5A83C /* CaledarTabCoordinator.swift */ = {isa = PBXFileReference; lastKnownFileType = sourcecode.swift; path = CaledarTabCoordinator.swift; sourceTree = "<group>"; };
		A45563E32BAB1A8100E5A83C /* SettingTabViewController.swift */ = {isa = PBXFileReference; lastKnownFileType = sourcecode.swift; path = SettingTabViewController.swift; sourceTree = "<group>"; };
		A45563E62BAB1ABA00E5A83C /* SettingTabCellWithSwitchView.swift */ = {isa = PBXFileReference; lastKnownFileType = sourcecode.swift; path = SettingTabCellWithSwitchView.swift; sourceTree = "<group>"; };
		A45563E92BAB1B1D00E5A83C /* SettingTabCellView.swift */ = {isa = PBXFileReference; lastKnownFileType = sourcecode.swift; path = SettingTabCellView.swift; sourceTree = "<group>"; };
		A45563EC2BAB1B3D00E5A83C /* UserNameCellView.swift */ = {isa = PBXFileReference; lastKnownFileType = sourcecode.swift; path = UserNameCellView.swift; sourceTree = "<group>"; };
		A45563EF2BAFC97A00E5A83C /* MonthPickerView.swift */ = {isa = PBXFileReference; lastKnownFileType = sourcecode.swift; path = MonthPickerView.swift; sourceTree = "<group>"; };
		A45563F22BAFC99100E5A83C /* MonthPickerViewController.swift */ = {isa = PBXFileReference; lastKnownFileType = sourcecode.swift; path = MonthPickerViewController.swift; sourceTree = "<group>"; };
		A45563F62BAFC9F800E5A83C /* SelectMonthDelegate.swift */ = {isa = PBXFileReference; lastKnownFileType = sourcecode.swift; path = SelectMonthDelegate.swift; sourceTree = "<group>"; };
		A45563FA2BB689AF00E5A83C /* SignInReactor.swift */ = {isa = PBXFileReference; lastKnownFileType = sourcecode.swift; path = SignInReactor.swift; sourceTree = "<group>"; };
		A48C03652B8AE83000690A10 /* ColorBookMarkV2.app */ = {isa = PBXFileReference; explicitFileType = wrapper.application; includeInIndex = 0; path = ColorBookMarkV2.app; sourceTree = BUILT_PRODUCTS_DIR; };
		A48C03682B8AE83000690A10 /* AppDelegate.swift */ = {isa = PBXFileReference; lastKnownFileType = sourcecode.swift; path = AppDelegate.swift; sourceTree = "<group>"; };
		A48C036A2B8AE83000690A10 /* SceneDelegate.swift */ = {isa = PBXFileReference; lastKnownFileType = sourcecode.swift; path = SceneDelegate.swift; sourceTree = "<group>"; };
		A48C03712B8AE83000690A10 /* Assets.xcassets */ = {isa = PBXFileReference; lastKnownFileType = folder.assetcatalog; path = Assets.xcassets; sourceTree = "<group>"; };
		A48C03742B8AE83000690A10 /* Base */ = {isa = PBXFileReference; lastKnownFileType = file.storyboard; name = Base; path = Base.lproj/LaunchScreen.storyboard; sourceTree = "<group>"; };
		A48C03762B8AE83000690A10 /* Info.plist */ = {isa = PBXFileReference; lastKnownFileType = text.plist.xml; path = Info.plist; sourceTree = "<group>"; };
		A48C037B2B8AE83100690A10 /* ColorBookMarkV2Tests.xctest */ = {isa = PBXFileReference; explicitFileType = wrapper.cfbundle; includeInIndex = 0; path = ColorBookMarkV2Tests.xctest; sourceTree = BUILT_PRODUCTS_DIR; };
		A48C037F2B8AE83100690A10 /* ColorBookMarkV2Tests.swift */ = {isa = PBXFileReference; lastKnownFileType = sourcecode.swift; path = ColorBookMarkV2Tests.swift; sourceTree = "<group>"; };
		A48C03852B8AE83100690A10 /* ColorBookMarkV2UITests.xctest */ = {isa = PBXFileReference; explicitFileType = wrapper.cfbundle; includeInIndex = 0; path = ColorBookMarkV2UITests.xctest; sourceTree = BUILT_PRODUCTS_DIR; };
		A48C03892B8AE83100690A10 /* ColorBookMarkV2UITests.swift */ = {isa = PBXFileReference; lastKnownFileType = sourcecode.swift; path = ColorBookMarkV2UITests.swift; sourceTree = "<group>"; };
		A48C038B2B8AE83100690A10 /* ColorBookMarkV2UITestsLaunchTests.swift */ = {isa = PBXFileReference; lastKnownFileType = sourcecode.swift; path = ColorBookMarkV2UITestsLaunchTests.swift; sourceTree = "<group>"; };
		A48C03982B8AE8C900690A10 /* SignInViewController.swift */ = {isa = PBXFileReference; lastKnownFileType = sourcecode.swift; path = SignInViewController.swift; sourceTree = "<group>"; };
		A48C03A82B8AF12500690A10 /* Debug.app */ = {isa = PBXFileReference; explicitFileType = wrapper.application; includeInIndex = 0; path = Debug.app; sourceTree = BUILT_PRODUCTS_DIR; };
		A48C03AB2B8AF36700690A10 /* Info-debug.plist */ = {isa = PBXFileReference; fileEncoding = 4; lastKnownFileType = text.plist.xml; path = "Info-debug.plist"; sourceTree = "<group>"; };
/* End PBXFileReference section */

/* Begin PBXFrameworksBuildPhase section */
		A48C03622B8AE83000690A10 /* Frameworks */ = {
			isa = PBXFrameworksBuildPhase;
			buildActionMask = 2147483647;
			files = (
				A45563A02BA55B9B00E5A83C /* RxCocoa in Frameworks */,
				A45563A72BA595DA00E5A83C /* KakaoSDK in Frameworks */,
				A45563912BA5576F00E5A83C /* ReactorKit in Frameworks */,
				A45563932BA5576F00E5A83C /* SnapKit in Frameworks */,
				A45563A92BA595DA00E5A83C /* KakaoSDKAuth in Frameworks */,
			);
			runOnlyForDeploymentPostprocessing = 0;
		};
		A48C03782B8AE83100690A10 /* Frameworks */ = {
			isa = PBXFrameworksBuildPhase;
			buildActionMask = 2147483647;
			files = (
			);
			runOnlyForDeploymentPostprocessing = 0;
		};
		A48C03822B8AE83100690A10 /* Frameworks */ = {
			isa = PBXFrameworksBuildPhase;
			buildActionMask = 2147483647;
			files = (
			);
			runOnlyForDeploymentPostprocessing = 0;
		};
		A48C03A12B8AF12500690A10 /* Frameworks */ = {
			isa = PBXFrameworksBuildPhase;
			buildActionMask = 2147483647;
			files = (
				A455639E2BA55B9200E5A83C /* RxCocoa in Frameworks */,
				A45563A32BA595D100E5A83C /* KakaoSDK in Frameworks */,
				A45563952BA5577800E5A83C /* ReactorKit in Frameworks */,
				A45563972BA5577800E5A83C /* SnapKit in Frameworks */,
				A45563A52BA595D100E5A83C /* KakaoSDKAuth in Frameworks */,
			);
			runOnlyForDeploymentPostprocessing = 0;
		};
/* End PBXFrameworksBuildPhase section */

/* Begin PBXGroup section */
		A45563712BA42C7100E5A83C /* Fonts */ = {
			isa = PBXGroup;
			children = (
				A45563722BA42CAB00E5A83C /* Pretendard-Bold.otf */,
				A45563732BA42CAB00E5A83C /* Pretendard-Medium.otf */,
			);
			path = Fonts;
			sourceTree = "<group>";
		};
		A45563782BA42CEB00E5A83C /* Extension */ = {
			isa = PBXGroup;
			children = (
				A45563792BA42CF900E5A83C /* UIFontExtension.swift */,
				A455637C2BA4305D00E5A83C /* UIColorExtension.swift */,
				A45563C22BA697C000E5A83C /* CALayerExtension.swift */,
				A45563C52BA697F000E5A83C /* UITabBarExtension.swift */,
				A45563D42BAB131E00E5A83C /* DateExtension.swift */,
			);
			path = Extension;
			sourceTree = "<group>";
		};
		A455637F2BA5556900E5A83C /* Presentation */ = {
			isa = PBXGroup;
			children = (
				A45563B52BA6965B00E5A83C /* Main */,
				A455638B2BA5568E00E5A83C /* Component */,
				A45563862BA555F000E5A83C /* SignIn */,
				A45563812BA5557C00E5A83C /* Common */,
			);
			path = Presentation;
			sourceTree = "<group>";
		};
		A45563812BA5557C00E5A83C /* Common */ = {
			isa = PBXGroup;
			children = (
				A45563822BA5559900E5A83C /* Coordinator */,
			);
			path = Common;
			sourceTree = "<group>";
		};
		A45563822BA5559900E5A83C /* Coordinator */ = {
			isa = PBXGroup;
			children = (
				A45563832BA555AC00E5A83C /* Coordinator.swift */,
				A45563AA2BA67FDA00E5A83C /* AppCoordinator.swift */,
			);
			path = Coordinator;
			sourceTree = "<group>";
		};
		A45563862BA555F000E5A83C /* SignIn */ = {
			isa = PBXGroup;
			children = (
				A45563F92BB689A500E5A83C /* Reactor */,
				A45563AD2BA68C0A00E5A83C /* Coordinator */,
				A45563872BA5560600E5A83C /* View */,
			);
			path = SignIn;
			sourceTree = "<group>";
		};
		A45563872BA5560600E5A83C /* View */ = {
			isa = PBXGroup;
			children = (
				A48C03982B8AE8C900690A10 /* SignInViewController.swift */,
			);
			path = View;
			sourceTree = "<group>";
		};
		A455638B2BA5568E00E5A83C /* Component */ = {
			isa = PBXGroup;
			children = (
				A455638C2BA556AD00E5A83C /* SignInButton.swift */,
				A45563E62BAB1ABA00E5A83C /* SettingTabCellWithSwitchView.swift */,
				A45563E92BAB1B1D00E5A83C /* SettingTabCellView.swift */,
				A45563EC2BAB1B3D00E5A83C /* UserNameCellView.swift */,
			);
			path = Component;
			sourceTree = "<group>";
		};
		A455638F2BA5576F00E5A83C /* Frameworks */ = {
			isa = PBXGroup;
			children = (
			);
			name = Frameworks;
			sourceTree = "<group>";
		};
		A45563982BA557C200E5A83C /* Constant */ = {
			isa = PBXGroup;
			children = (
				A45563992BA557CA00E5A83C /* StringConstant.swift */,
			);
			path = Constant;
			sourceTree = "<group>";
		};
		A45563AD2BA68C0A00E5A83C /* Coordinator */ = {
			isa = PBXGroup;
			children = (
				A45563AE2BA68C4700E5A83C /* Protocol */,
				A45563B22BA68C7000E5A83C /* SignInCoordinator.swift */,
			);
			path = Coordinator;
			sourceTree = "<group>";
		};
		A45563AE2BA68C4700E5A83C /* Protocol */ = {
			isa = PBXGroup;
			children = (
				A45563AF2BA68C5D00E5A83C /* SignInCoordinatorDependencies.swift */,
			);
			path = Protocol;
			sourceTree = "<group>";
		};
		A45563B52BA6965B00E5A83C /* Main */ = {
			isa = PBXGroup;
			children = (
				A45563CB2BA69FCD00E5A83C /* Calendar */,
				A45563DF2BAB1A4400E5A83C /* Setting */,
				A45563B62BA6966900E5A83C /* Coordinator */,
			);
			path = Main;
			sourceTree = "<group>";
		};
		A45563B62BA6966900E5A83C /* Coordinator */ = {
			isa = PBXGroup;
			children = (
				A45563B82BA6967400E5A83C /* Protocol */,
				A45563B92BA696C800E5A83C /* MainTabbar.swift */,
				A45563BF2BA6978700E5A83C /* BaseTabbarController.swift */,
				A45563C82BA69A8500E5A83C /* MainTabbarCoordinator.swift */,
			);
			path = Coordinator;
			sourceTree = "<group>";
		};
		A45563B82BA6967400E5A83C /* Protocol */ = {
			isa = PBXGroup;
			children = (
				A45563BC2BA696E100E5A83C /* MainTabbarCoordinatorDependencies.swift */,
			);
			path = Protocol;
			sourceTree = "<group>";
		};
		A45563CB2BA69FCD00E5A83C /* Calendar */ = {
			isa = PBXGroup;
			children = (
				A45563F52BAFC9EF00E5A83C /* Delegate */,
				A45563D72BAB17B600E5A83C /* Coordinator */,
				A45563CD2BA880C500E5A83C /* Reactor */,
				A45563CC2BA880C000E5A83C /* View */,
			);
			path = Calendar;
			sourceTree = "<group>";
		};
		A45563CC2BA880C000E5A83C /* View */ = {
			isa = PBXGroup;
			children = (
				A45563CE2BA880E700E5A83C /* CaledarTabViewController.swift */,
				A45563D12BAB130300E5A83C /* CalendarCollectionViewCell.swift */,
				A45563EF2BAFC97A00E5A83C /* MonthPickerView.swift */,
				A45563F22BAFC99100E5A83C /* MonthPickerViewController.swift */,
			);
			path = View;
			sourceTree = "<group>";
		};
		A45563CD2BA880C500E5A83C /* Reactor */ = {
			isa = PBXGroup;
			children = (
			);
			path = Reactor;
			sourceTree = "<group>";
		};
		A45563D72BAB17B600E5A83C /* Coordinator */ = {
			isa = PBXGroup;
			children = (
				A45563D82BAB17C900E5A83C /* Protocol */,
				A45563DC2BAB180C00E5A83C /* CaledarTabCoordinator.swift */,
			);
			path = Coordinator;
			sourceTree = "<group>";
		};
		A45563D82BAB17C900E5A83C /* Protocol */ = {
			isa = PBXGroup;
			children = (
				A45563D92BAB17F000E5A83C /* CalendarTabCoordinatorDependencies.swift */,
			);
			path = Protocol;
			sourceTree = "<group>";
		};
		A45563DF2BAB1A4400E5A83C /* Setting */ = {
			isa = PBXGroup;
			children = (
				A45563E02BAB1A5500E5A83C /* Coordinator */,
				A45563E12BAB1A5D00E5A83C /* Reactor */,
				A45563E22BAB1A6200E5A83C /* View */,
			);
			path = Setting;
			sourceTree = "<group>";
		};
		A45563E02BAB1A5500E5A83C /* Coordinator */ = {
			isa = PBXGroup;
			children = (
			);
			path = Coordinator;
			sourceTree = "<group>";
		};
		A45563E12BAB1A5D00E5A83C /* Reactor */ = {
			isa = PBXGroup;
			children = (
			);
			path = Reactor;
			sourceTree = "<group>";
		};
		A45563E22BAB1A6200E5A83C /* View */ = {
			isa = PBXGroup;
			children = (
				A45563E32BAB1A8100E5A83C /* SettingTabViewController.swift */,
			);
			path = View;
			sourceTree = "<group>";
		};
		A45563F52BAFC9EF00E5A83C /* Delegate */ = {
			isa = PBXGroup;
			children = (
				A45563F62BAFC9F800E5A83C /* SelectMonthDelegate.swift */,
			);
			path = Delegate;
			sourceTree = "<group>";
		};
		A45563F92BB689A500E5A83C /* Reactor */ = {
			isa = PBXGroup;
			children = (
				A45563FA2BB689AF00E5A83C /* SignInReactor.swift */,
			);
			path = Reactor;
			sourceTree = "<group>";
		};
		A48C035C2B8AE83000690A10 = {
			isa = PBXGroup;
			children = (
				A48C03672B8AE83000690A10 /* ColorBookMarkV2 */,
				A48C037E2B8AE83100690A10 /* ColorBookMarkV2Tests */,
				A48C03882B8AE83100690A10 /* ColorBookMarkV2UITests */,
				A48C03662B8AE83000690A10 /* Products */,
				A455638F2BA5576F00E5A83C /* Frameworks */,
			);
			sourceTree = "<group>";
		};
		A48C03662B8AE83000690A10 /* Products */ = {
			isa = PBXGroup;
			children = (
				A48C03652B8AE83000690A10 /* ColorBookMarkV2.app */,
				A48C037B2B8AE83100690A10 /* ColorBookMarkV2Tests.xctest */,
				A48C03852B8AE83100690A10 /* ColorBookMarkV2UITests.xctest */,
				A48C03A82B8AF12500690A10 /* Debug.app */,
			);
			name = Products;
			sourceTree = "<group>";
		};
		A48C03672B8AE83000690A10 /* ColorBookMarkV2 */ = {
			isa = PBXGroup;
			children = (
				A45563982BA557C200E5A83C /* Constant */,
				A455637F2BA5556900E5A83C /* Presentation */,
				A45563782BA42CEB00E5A83C /* Extension */,
				A45563712BA42C7100E5A83C /* Fonts */,
				A48C039B2B8AE9DF00690A10 /* Resources */,
				A48C039A2B8AE9D000690A10 /* System */,
				A48C03732B8AE83000690A10 /* LaunchScreen.storyboard */,
			);
			path = ColorBookMarkV2;
			sourceTree = "<group>";
		};
		A48C037E2B8AE83100690A10 /* ColorBookMarkV2Tests */ = {
			isa = PBXGroup;
			children = (
				A48C037F2B8AE83100690A10 /* ColorBookMarkV2Tests.swift */,
			);
			path = ColorBookMarkV2Tests;
			sourceTree = "<group>";
		};
		A48C03882B8AE83100690A10 /* ColorBookMarkV2UITests */ = {
			isa = PBXGroup;
			children = (
				A48C03892B8AE83100690A10 /* ColorBookMarkV2UITests.swift */,
				A48C038B2B8AE83100690A10 /* ColorBookMarkV2UITestsLaunchTests.swift */,
			);
			path = ColorBookMarkV2UITests;
			sourceTree = "<group>";
		};
		A48C039A2B8AE9D000690A10 /* System */ = {
			isa = PBXGroup;
			children = (
				A48C03682B8AE83000690A10 /* AppDelegate.swift */,
				A48C036A2B8AE83000690A10 /* SceneDelegate.swift */,
			);
			path = System;
			sourceTree = "<group>";
		};
		A48C039B2B8AE9DF00690A10 /* Resources */ = {
			isa = PBXGroup;
			children = (
				A48C03762B8AE83000690A10 /* Info.plist */,
				A48C03AB2B8AF36700690A10 /* Info-debug.plist */,
				A48C03712B8AE83000690A10 /* Assets.xcassets */,
			);
			path = Resources;
			sourceTree = "<group>";
		};
/* End PBXGroup section */

/* Begin PBXNativeTarget section */
		A48C03642B8AE83000690A10 /* ColorBookMarkV2 */ = {
			isa = PBXNativeTarget;
			buildConfigurationList = A48C038F2B8AE83100690A10 /* Build configuration list for PBXNativeTarget "ColorBookMarkV2" */;
			buildPhases = (
				A48C03612B8AE83000690A10 /* Sources */,
				A48C03622B8AE83000690A10 /* Frameworks */,
				A48C03632B8AE83000690A10 /* Resources */,
			);
			buildRules = (
			);
			dependencies = (
			);
			name = ColorBookMarkV2;
			packageProductDependencies = (
				A45563902BA5576F00E5A83C /* ReactorKit */,
				A45563922BA5576F00E5A83C /* SnapKit */,
				A455639F2BA55B9B00E5A83C /* RxCocoa */,
				A45563A62BA595DA00E5A83C /* KakaoSDK */,
				A45563A82BA595DA00E5A83C /* KakaoSDKAuth */,
			);
			productName = ColorBookMarkV2;
			productReference = A48C03652B8AE83000690A10 /* ColorBookMarkV2.app */;
			productType = "com.apple.product-type.application";
		};
		A48C037A2B8AE83100690A10 /* ColorBookMarkV2Tests */ = {
			isa = PBXNativeTarget;
			buildConfigurationList = A48C03922B8AE83100690A10 /* Build configuration list for PBXNativeTarget "ColorBookMarkV2Tests" */;
			buildPhases = (
				A48C03772B8AE83100690A10 /* Sources */,
				A48C03782B8AE83100690A10 /* Frameworks */,
				A48C03792B8AE83100690A10 /* Resources */,
			);
			buildRules = (
			);
			dependencies = (
				A48C037D2B8AE83100690A10 /* PBXTargetDependency */,
			);
			name = ColorBookMarkV2Tests;
			productName = ColorBookMarkV2Tests;
			productReference = A48C037B2B8AE83100690A10 /* ColorBookMarkV2Tests.xctest */;
			productType = "com.apple.product-type.bundle.unit-test";
		};
		A48C03842B8AE83100690A10 /* ColorBookMarkV2UITests */ = {
			isa = PBXNativeTarget;
			buildConfigurationList = A48C03952B8AE83100690A10 /* Build configuration list for PBXNativeTarget "ColorBookMarkV2UITests" */;
			buildPhases = (
				A48C03812B8AE83100690A10 /* Sources */,
				A48C03822B8AE83100690A10 /* Frameworks */,
				A48C03832B8AE83100690A10 /* Resources */,
			);
			buildRules = (
			);
			dependencies = (
				A48C03872B8AE83100690A10 /* PBXTargetDependency */,
			);
			name = ColorBookMarkV2UITests;
			productName = ColorBookMarkV2UITests;
			productReference = A48C03852B8AE83100690A10 /* ColorBookMarkV2UITests.xctest */;
			productType = "com.apple.product-type.bundle.ui-testing";
		};
		A48C039C2B8AF12500690A10 /* Debug */ = {
			isa = PBXNativeTarget;
			buildConfigurationList = A48C03A52B8AF12500690A10 /* Build configuration list for PBXNativeTarget "Debug" */;
			buildPhases = (
				A48C039D2B8AF12500690A10 /* Sources */,
				A48C03A12B8AF12500690A10 /* Frameworks */,
				A48C03A22B8AF12500690A10 /* Resources */,
			);
			buildRules = (
			);
			dependencies = (
			);
			name = Debug;
			packageProductDependencies = (
				A45563942BA5577800E5A83C /* ReactorKit */,
				A45563962BA5577800E5A83C /* SnapKit */,
				A455639D2BA55B9200E5A83C /* RxCocoa */,
				A45563A22BA595D100E5A83C /* KakaoSDK */,
				A45563A42BA595D100E5A83C /* KakaoSDKAuth */,
			);
			productName = ColorBookMarkV2;
			productReference = A48C03A82B8AF12500690A10 /* Debug.app */;
			productType = "com.apple.product-type.application";
		};
/* End PBXNativeTarget section */

/* Begin PBXProject section */
		A48C035D2B8AE83000690A10 /* Project object */ = {
			isa = PBXProject;
			attributes = {
				BuildIndependentTargetsInParallel = 1;
				LastSwiftUpdateCheck = 1520;
				LastUpgradeCheck = 1520;
				TargetAttributes = {
					A48C03642B8AE83000690A10 = {
						CreatedOnToolsVersion = 15.2;
					};
					A48C037A2B8AE83100690A10 = {
						CreatedOnToolsVersion = 15.2;
						TestTargetID = A48C03642B8AE83000690A10;
					};
					A48C03842B8AE83100690A10 = {
						CreatedOnToolsVersion = 15.2;
						TestTargetID = A48C03642B8AE83000690A10;
					};
				};
			};
			buildConfigurationList = A48C03602B8AE83000690A10 /* Build configuration list for PBXProject "ColorBookMarkV2" */;
			compatibilityVersion = "Xcode 14.0";
			developmentRegion = en;
			hasScannedForEncodings = 0;
			knownRegions = (
				en,
				Base,
			);
			mainGroup = A48C035C2B8AE83000690A10;
			packageReferences = (
				A476CD082BA0966300C93ED9 /* XCRemoteSwiftPackageReference "ReactorKit" */,
				A476CD092BA096C200C93ED9 /* XCRemoteSwiftPackageReference "SnapKit" */,
				A455639C2BA55B8400E5A83C /* XCRemoteSwiftPackageReference "RxSwift" */,
				A45563A12BA595BF00E5A83C /* XCRemoteSwiftPackageReference "kakao-ios-sdk" */,
			);
			productRefGroup = A48C03662B8AE83000690A10 /* Products */;
			projectDirPath = "";
			projectRoot = "";
			targets = (
				A48C03642B8AE83000690A10 /* ColorBookMarkV2 */,
				A48C039C2B8AF12500690A10 /* Debug */,
				A48C037A2B8AE83100690A10 /* ColorBookMarkV2Tests */,
				A48C03842B8AE83100690A10 /* ColorBookMarkV2UITests */,
			);
		};
/* End PBXProject section */

/* Begin PBXResourcesBuildPhase section */
		A48C03632B8AE83000690A10 /* Resources */ = {
			isa = PBXResourcesBuildPhase;
			buildActionMask = 2147483647;
			files = (
				A48C03752B8AE83000690A10 /* LaunchScreen.storyboard in Resources */,
				A45563742BA42CAB00E5A83C /* Pretendard-Bold.otf in Resources */,
				A48C03722B8AE83000690A10 /* Assets.xcassets in Resources */,
				A45563762BA42CAB00E5A83C /* Pretendard-Medium.otf in Resources */,
			);
			runOnlyForDeploymentPostprocessing = 0;
		};
		A48C03792B8AE83100690A10 /* Resources */ = {
			isa = PBXResourcesBuildPhase;
			buildActionMask = 2147483647;
			files = (
			);
			runOnlyForDeploymentPostprocessing = 0;
		};
		A48C03832B8AE83100690A10 /* Resources */ = {
			isa = PBXResourcesBuildPhase;
			buildActionMask = 2147483647;
			files = (
			);
			runOnlyForDeploymentPostprocessing = 0;
		};
		A48C03A22B8AF12500690A10 /* Resources */ = {
			isa = PBXResourcesBuildPhase;
			buildActionMask = 2147483647;
			files = (
				A48C03A32B8AF12500690A10 /* LaunchScreen.storyboard in Resources */,
				A45563772BA42CAB00E5A83C /* Pretendard-Medium.otf in Resources */,
				A45563752BA42CAB00E5A83C /* Pretendard-Bold.otf in Resources */,
				A48C03A42B8AF12500690A10 /* Assets.xcassets in Resources */,
				A48C03AC2B8AF36700690A10 /* Info-debug.plist in Resources */,
			);
			runOnlyForDeploymentPostprocessing = 0;
		};
/* End PBXResourcesBuildPhase section */

/* Begin PBXSourcesBuildPhase section */
		A48C03612B8AE83000690A10 /* Sources */ = {
			isa = PBXSourcesBuildPhase;
			buildActionMask = 2147483647;
			files = (
				A45563E42BAB1A8100E5A83C /* SettingTabViewController.swift in Sources */,
				A45563C32BA697C000E5A83C /* CALayerExtension.swift in Sources */,
				A45563D52BAB131E00E5A83C /* DateExtension.swift in Sources */,
				A45563BA2BA696C800E5A83C /* MainTabbar.swift in Sources */,
				A455639A2BA557CA00E5A83C /* StringConstant.swift in Sources */,
				A45563C02BA6978700E5A83C /* BaseTabbarController.swift in Sources */,
				A45563C92BA69A8500E5A83C /* MainTabbarCoordinator.swift in Sources */,
				A45563E72BAB1ABA00E5A83C /* SettingTabCellWithSwitchView.swift in Sources */,
				A45563CF2BA880E700E5A83C /* CaledarTabViewController.swift in Sources */,
				A455638D2BA556AD00E5A83C /* SignInButton.swift in Sources */,
				A45563FB2BB689AF00E5A83C /* SignInReactor.swift in Sources */,
				A45563F02BAFC97A00E5A83C /* MonthPickerView.swift in Sources */,
				A48C03692B8AE83000690A10 /* AppDelegate.swift in Sources */,
				A48C036B2B8AE83000690A10 /* SceneDelegate.swift in Sources */,
				A45563F32BAFC99100E5A83C /* MonthPickerViewController.swift in Sources */,
				A45563DA2BAB17F000E5A83C /* CalendarTabCoordinatorDependencies.swift in Sources */,
				A45563842BA555AC00E5A83C /* Coordinator.swift in Sources */,
				A45563ED2BAB1B3D00E5A83C /* UserNameCellView.swift in Sources */,
				A45563D22BAB130300E5A83C /* CalendarCollectionViewCell.swift in Sources */,
				A455637D2BA4305D00E5A83C /* UIColorExtension.swift in Sources */,
				A45563C62BA697F000E5A83C /* UITabBarExtension.swift in Sources */,
				A45563AB2BA67FDA00E5A83C /* AppCoordinator.swift in Sources */,
				A45563B32BA68C7000E5A83C /* SignInCoordinator.swift in Sources */,
				A45563DD2BAB180C00E5A83C /* CaledarTabCoordinator.swift in Sources */,
				A455637A2BA42CF900E5A83C /* UIFontExtension.swift in Sources */,
				A48C03992B8AE8C900690A10 /* SignInViewController.swift in Sources */,
				A45563EA2BAB1B1D00E5A83C /* SettingTabCellView.swift in Sources */,
				A45563F72BAFC9F800E5A83C /* SelectMonthDelegate.swift in Sources */,
				A45563B02BA68C5D00E5A83C /* SignInCoordinatorDependencies.swift in Sources */,
				A45563BD2BA696E100E5A83C /* MainTabbarCoordinatorDependencies.swift in Sources */,
			);
			runOnlyForDeploymentPostprocessing = 0;
		};
		A48C03772B8AE83100690A10 /* Sources */ = {
			isa = PBXSourcesBuildPhase;
			buildActionMask = 2147483647;
			files = (
				A48C03802B8AE83100690A10 /* ColorBookMarkV2Tests.swift in Sources */,
			);
			runOnlyForDeploymentPostprocessing = 0;
		};
		A48C03812B8AE83100690A10 /* Sources */ = {
			isa = PBXSourcesBuildPhase;
			buildActionMask = 2147483647;
			files = (
				A48C038C2B8AE83100690A10 /* ColorBookMarkV2UITestsLaunchTests.swift in Sources */,
				A48C038A2B8AE83100690A10 /* ColorBookMarkV2UITests.swift in Sources */,
			);
			runOnlyForDeploymentPostprocessing = 0;
		};
		A48C039D2B8AF12500690A10 /* Sources */ = {
			isa = PBXSourcesBuildPhase;
			buildActionMask = 2147483647;
			files = (
				A45563E52BAB1A8100E5A83C /* SettingTabViewController.swift in Sources */,
				A45563C42BA697C000E5A83C /* CALayerExtension.swift in Sources */,
				A45563D62BAB131E00E5A83C /* DateExtension.swift in Sources */,
				A45563BB2BA696C800E5A83C /* MainTabbar.swift in Sources */,
				A455639B2BA557CA00E5A83C /* StringConstant.swift in Sources */,
				A45563C12BA6978700E5A83C /* BaseTabbarController.swift in Sources */,
				A45563CA2BA69A8500E5A83C /* MainTabbarCoordinator.swift in Sources */,
				A45563E82BAB1ABA00E5A83C /* SettingTabCellWithSwitchView.swift in Sources */,
				A45563D02BA880E700E5A83C /* CaledarTabViewController.swift in Sources */,
				A455638E2BA556AD00E5A83C /* SignInButton.swift in Sources */,
				A45563FC2BB689AF00E5A83C /* SignInReactor.swift in Sources */,
				A45563F12BAFC97A00E5A83C /* MonthPickerView.swift in Sources */,
				A48C039E2B8AF12500690A10 /* AppDelegate.swift in Sources */,
				A48C039F2B8AF12500690A10 /* SceneDelegate.swift in Sources */,
				A45563F42BAFC99100E5A83C /* MonthPickerViewController.swift in Sources */,
				A45563DB2BAB17F000E5A83C /* CalendarTabCoordinatorDependencies.swift in Sources */,
				A45563852BA555AC00E5A83C /* Coordinator.swift in Sources */,
				A45563EE2BAB1B3D00E5A83C /* UserNameCellView.swift in Sources */,
				A45563D32BAB130300E5A83C /* CalendarCollectionViewCell.swift in Sources */,
				A455637E2BA4305D00E5A83C /* UIColorExtension.swift in Sources */,
				A45563C72BA697F000E5A83C /* UITabBarExtension.swift in Sources */,
				A45563AC2BA67FDA00E5A83C /* AppCoordinator.swift in Sources */,
				A45563B42BA68C7000E5A83C /* SignInCoordinator.swift in Sources */,
				A45563DE2BAB180C00E5A83C /* CaledarTabCoordinator.swift in Sources */,
				A455637B2BA42CF900E5A83C /* UIFontExtension.swift in Sources */,
				A48C03A02B8AF12500690A10 /* SignInViewController.swift in Sources */,
				A45563EB2BAB1B1D00E5A83C /* SettingTabCellView.swift in Sources */,
				A45563F82BAFC9F800E5A83C /* SelectMonthDelegate.swift in Sources */,
				A45563B12BA68C5D00E5A83C /* SignInCoordinatorDependencies.swift in Sources */,
				A45563BE2BA696E100E5A83C /* MainTabbarCoordinatorDependencies.swift in Sources */,
			);
			runOnlyForDeploymentPostprocessing = 0;
		};
/* End PBXSourcesBuildPhase section */

/* Begin PBXTargetDependency section */
		A48C037D2B8AE83100690A10 /* PBXTargetDependency */ = {
			isa = PBXTargetDependency;
			target = A48C03642B8AE83000690A10 /* ColorBookMarkV2 */;
			targetProxy = A48C037C2B8AE83100690A10 /* PBXContainerItemProxy */;
		};
		A48C03872B8AE83100690A10 /* PBXTargetDependency */ = {
			isa = PBXTargetDependency;
			target = A48C03642B8AE83000690A10 /* ColorBookMarkV2 */;
			targetProxy = A48C03862B8AE83100690A10 /* PBXContainerItemProxy */;
		};
/* End PBXTargetDependency section */

/* Begin PBXVariantGroup section */
		A48C03732B8AE83000690A10 /* LaunchScreen.storyboard */ = {
			isa = PBXVariantGroup;
			children = (
				A48C03742B8AE83000690A10 /* Base */,
			);
			name = LaunchScreen.storyboard;
			sourceTree = "<group>";
		};
/* End PBXVariantGroup section */

/* Begin XCBuildConfiguration section */
		A48C038D2B8AE83100690A10 /* Debug */ = {
			isa = XCBuildConfiguration;
			buildSettings = {
				ALWAYS_SEARCH_USER_PATHS = NO;
				ASSETCATALOG_COMPILER_GENERATE_SWIFT_ASSET_SYMBOL_EXTENSIONS = YES;
				CLANG_ANALYZER_NONNULL = YES;
				CLANG_ANALYZER_NUMBER_OBJECT_CONVERSION = YES_AGGRESSIVE;
				CLANG_CXX_LANGUAGE_STANDARD = "gnu++20";
				CLANG_ENABLE_MODULES = YES;
				CLANG_ENABLE_OBJC_ARC = YES;
				CLANG_ENABLE_OBJC_WEAK = YES;
				CLANG_WARN_BLOCK_CAPTURE_AUTORELEASING = YES;
				CLANG_WARN_BOOL_CONVERSION = YES;
				CLANG_WARN_COMMA = YES;
				CLANG_WARN_CONSTANT_CONVERSION = YES;
				CLANG_WARN_DEPRECATED_OBJC_IMPLEMENTATIONS = YES;
				CLANG_WARN_DIRECT_OBJC_ISA_USAGE = YES_ERROR;
				CLANG_WARN_DOCUMENTATION_COMMENTS = YES;
				CLANG_WARN_EMPTY_BODY = YES;
				CLANG_WARN_ENUM_CONVERSION = YES;
				CLANG_WARN_INFINITE_RECURSION = YES;
				CLANG_WARN_INT_CONVERSION = YES;
				CLANG_WARN_NON_LITERAL_NULL_CONVERSION = YES;
				CLANG_WARN_OBJC_IMPLICIT_RETAIN_SELF = YES;
				CLANG_WARN_OBJC_LITERAL_CONVERSION = YES;
				CLANG_WARN_OBJC_ROOT_CLASS = YES_ERROR;
				CLANG_WARN_QUOTED_INCLUDE_IN_FRAMEWORK_HEADER = YES;
				CLANG_WARN_RANGE_LOOP_ANALYSIS = YES;
				CLANG_WARN_STRICT_PROTOTYPES = YES;
				CLANG_WARN_SUSPICIOUS_MOVE = YES;
				CLANG_WARN_UNGUARDED_AVAILABILITY = YES_AGGRESSIVE;
				CLANG_WARN_UNREACHABLE_CODE = YES;
				CLANG_WARN__DUPLICATE_METHOD_MATCH = YES;
				COPY_PHASE_STRIP = NO;
				DEBUG_INFORMATION_FORMAT = dwarf;
				ENABLE_STRICT_OBJC_MSGSEND = YES;
				ENABLE_TESTABILITY = YES;
				ENABLE_USER_SCRIPT_SANDBOXING = YES;
				GCC_C_LANGUAGE_STANDARD = gnu17;
				GCC_DYNAMIC_NO_PIC = NO;
				GCC_NO_COMMON_BLOCKS = YES;
				GCC_OPTIMIZATION_LEVEL = 0;
				GCC_PREPROCESSOR_DEFINITIONS = (
					"DEBUG=1",
					"$(inherited)",
				);
				GCC_WARN_64_TO_32_BIT_CONVERSION = YES;
				GCC_WARN_ABOUT_RETURN_TYPE = YES_ERROR;
				GCC_WARN_UNDECLARED_SELECTOR = YES;
				GCC_WARN_UNINITIALIZED_AUTOS = YES_AGGRESSIVE;
				GCC_WARN_UNUSED_FUNCTION = YES;
				GCC_WARN_UNUSED_VARIABLE = YES;
				IPHONEOS_DEPLOYMENT_TARGET = 17.2;
				LOCALIZATION_PREFERS_STRING_CATALOGS = YES;
				MTL_ENABLE_DEBUG_INFO = INCLUDE_SOURCE;
				MTL_FAST_MATH = YES;
				ONLY_ACTIVE_ARCH = YES;
				SDKROOT = iphoneos;
				SWIFT_ACTIVE_COMPILATION_CONDITIONS = "DEBUG $(inherited)";
				SWIFT_OPTIMIZATION_LEVEL = "-Onone";
			};
			name = Debug;
		};
		A48C038E2B8AE83100690A10 /* Release */ = {
			isa = XCBuildConfiguration;
			buildSettings = {
				ALWAYS_SEARCH_USER_PATHS = NO;
				ASSETCATALOG_COMPILER_GENERATE_SWIFT_ASSET_SYMBOL_EXTENSIONS = YES;
				CLANG_ANALYZER_NONNULL = YES;
				CLANG_ANALYZER_NUMBER_OBJECT_CONVERSION = YES_AGGRESSIVE;
				CLANG_CXX_LANGUAGE_STANDARD = "gnu++20";
				CLANG_ENABLE_MODULES = YES;
				CLANG_ENABLE_OBJC_ARC = YES;
				CLANG_ENABLE_OBJC_WEAK = YES;
				CLANG_WARN_BLOCK_CAPTURE_AUTORELEASING = YES;
				CLANG_WARN_BOOL_CONVERSION = YES;
				CLANG_WARN_COMMA = YES;
				CLANG_WARN_CONSTANT_CONVERSION = YES;
				CLANG_WARN_DEPRECATED_OBJC_IMPLEMENTATIONS = YES;
				CLANG_WARN_DIRECT_OBJC_ISA_USAGE = YES_ERROR;
				CLANG_WARN_DOCUMENTATION_COMMENTS = YES;
				CLANG_WARN_EMPTY_BODY = YES;
				CLANG_WARN_ENUM_CONVERSION = YES;
				CLANG_WARN_INFINITE_RECURSION = YES;
				CLANG_WARN_INT_CONVERSION = YES;
				CLANG_WARN_NON_LITERAL_NULL_CONVERSION = YES;
				CLANG_WARN_OBJC_IMPLICIT_RETAIN_SELF = YES;
				CLANG_WARN_OBJC_LITERAL_CONVERSION = YES;
				CLANG_WARN_OBJC_ROOT_CLASS = YES_ERROR;
				CLANG_WARN_QUOTED_INCLUDE_IN_FRAMEWORK_HEADER = YES;
				CLANG_WARN_RANGE_LOOP_ANALYSIS = YES;
				CLANG_WARN_STRICT_PROTOTYPES = YES;
				CLANG_WARN_SUSPICIOUS_MOVE = YES;
				CLANG_WARN_UNGUARDED_AVAILABILITY = YES_AGGRESSIVE;
				CLANG_WARN_UNREACHABLE_CODE = YES;
				CLANG_WARN__DUPLICATE_METHOD_MATCH = YES;
				COPY_PHASE_STRIP = NO;
				DEBUG_INFORMATION_FORMAT = "dwarf-with-dsym";
				ENABLE_NS_ASSERTIONS = NO;
				ENABLE_STRICT_OBJC_MSGSEND = YES;
				ENABLE_USER_SCRIPT_SANDBOXING = YES;
				GCC_C_LANGUAGE_STANDARD = gnu17;
				GCC_NO_COMMON_BLOCKS = YES;
				GCC_WARN_64_TO_32_BIT_CONVERSION = YES;
				GCC_WARN_ABOUT_RETURN_TYPE = YES_ERROR;
				GCC_WARN_UNDECLARED_SELECTOR = YES;
				GCC_WARN_UNINITIALIZED_AUTOS = YES_AGGRESSIVE;
				GCC_WARN_UNUSED_FUNCTION = YES;
				GCC_WARN_UNUSED_VARIABLE = YES;
				IPHONEOS_DEPLOYMENT_TARGET = 17.2;
				LOCALIZATION_PREFERS_STRING_CATALOGS = YES;
				MTL_ENABLE_DEBUG_INFO = NO;
				MTL_FAST_MATH = YES;
				SDKROOT = iphoneos;
				SWIFT_COMPILATION_MODE = wholemodule;
				VALIDATE_PRODUCT = YES;
			};
			name = Release;
		};
		A48C03902B8AE83100690A10 /* Debug */ = {
			isa = XCBuildConfiguration;
			buildSettings = {
				ASSETCATALOG_COMPILER_APPICON_NAME = AppIcon;
				ASSETCATALOG_COMPILER_GLOBAL_ACCENT_COLOR_NAME = AccentColor;
				CODE_SIGN_STYLE = Automatic;
				CURRENT_PROJECT_VERSION = 1;
				DEVELOPMENT_TEAM = WC4SMWCBL2;
				GENERATE_INFOPLIST_FILE = YES;
				INFOPLIST_FILE = ColorBookMarkV2/Resources/Info.plist;
				INFOPLIST_KEY_UIApplicationSupportsIndirectInputEvents = YES;
				INFOPLIST_KEY_UILaunchStoryboardName = LaunchScreen;
				INFOPLIST_KEY_UISupportedInterfaceOrientations_iPhone = "UIInterfaceOrientationPortrait UIInterfaceOrientationLandscapeLeft UIInterfaceOrientationLandscapeRight";
				LD_RUNPATH_SEARCH_PATHS = (
					"$(inherited)",
					"@executable_path/Frameworks",
				);
				MARKETING_VERSION = 1.0;
				PRODUCT_BUNDLE_IDENTIFIER = Neoguri.ColorBookMarkV2;
				PRODUCT_NAME = "$(TARGET_NAME)";
				SUPPORTED_PLATFORMS = "iphoneos iphonesimulator";
				SUPPORTS_MACCATALYST = NO;
				SUPPORTS_MAC_DESIGNED_FOR_IPHONE_IPAD = NO;
				SUPPORTS_XR_DESIGNED_FOR_IPHONE_IPAD = NO;
				SWIFT_EMIT_LOC_STRINGS = YES;
				SWIFT_VERSION = 5.0;
				TARGETED_DEVICE_FAMILY = 1;
			};
			name = Debug;
		};
		A48C03912B8AE83100690A10 /* Release */ = {
			isa = XCBuildConfiguration;
			buildSettings = {
				ASSETCATALOG_COMPILER_APPICON_NAME = AppIcon;
				ASSETCATALOG_COMPILER_GLOBAL_ACCENT_COLOR_NAME = AccentColor;
				CODE_SIGN_STYLE = Automatic;
				CURRENT_PROJECT_VERSION = 1;
				DEVELOPMENT_TEAM = WC4SMWCBL2;
				GENERATE_INFOPLIST_FILE = YES;
				INFOPLIST_FILE = ColorBookMarkV2/Resources/Info.plist;
				INFOPLIST_KEY_UIApplicationSupportsIndirectInputEvents = YES;
				INFOPLIST_KEY_UILaunchStoryboardName = LaunchScreen;
				INFOPLIST_KEY_UISupportedInterfaceOrientations_iPhone = "UIInterfaceOrientationPortrait UIInterfaceOrientationLandscapeLeft UIInterfaceOrientationLandscapeRight";
				LD_RUNPATH_SEARCH_PATHS = (
					"$(inherited)",
					"@executable_path/Frameworks",
				);
				MARKETING_VERSION = 1.0;
				PRODUCT_BUNDLE_IDENTIFIER = Neoguri.ColorBookMarkV2;
				PRODUCT_NAME = "$(TARGET_NAME)";
				SUPPORTED_PLATFORMS = "iphoneos iphonesimulator";
				SUPPORTS_MACCATALYST = NO;
				SUPPORTS_MAC_DESIGNED_FOR_IPHONE_IPAD = NO;
				SUPPORTS_XR_DESIGNED_FOR_IPHONE_IPAD = NO;
				SWIFT_EMIT_LOC_STRINGS = YES;
				SWIFT_VERSION = 5.0;
				TARGETED_DEVICE_FAMILY = 1;
			};
			name = Release;
		};
		A48C03932B8AE83100690A10 /* Debug */ = {
			isa = XCBuildConfiguration;
			buildSettings = {
				ALWAYS_EMBED_SWIFT_STANDARD_LIBRARIES = YES;
				BUNDLE_LOADER = "$(TEST_HOST)";
				CODE_SIGN_STYLE = Automatic;
				CURRENT_PROJECT_VERSION = 1;
				DEVELOPMENT_TEAM = WC4SMWCBL2;
				GENERATE_INFOPLIST_FILE = YES;
				IPHONEOS_DEPLOYMENT_TARGET = 17.2;
				MARKETING_VERSION = 1.0;
				PRODUCT_BUNDLE_IDENTIFIER = Neoguri.ColorBookMarkV2Tests;
				PRODUCT_NAME = "$(TARGET_NAME)";
				SWIFT_EMIT_LOC_STRINGS = NO;
				SWIFT_VERSION = 5.0;
				TARGETED_DEVICE_FAMILY = "1,2";
				TEST_HOST = "$(BUILT_PRODUCTS_DIR)/ColorBookMarkV2.app/$(BUNDLE_EXECUTABLE_FOLDER_PATH)/ColorBookMarkV2";
			};
			name = Debug;
		};
		A48C03942B8AE83100690A10 /* Release */ = {
			isa = XCBuildConfiguration;
			buildSettings = {
				ALWAYS_EMBED_SWIFT_STANDARD_LIBRARIES = YES;
				BUNDLE_LOADER = "$(TEST_HOST)";
				CODE_SIGN_STYLE = Automatic;
				CURRENT_PROJECT_VERSION = 1;
				DEVELOPMENT_TEAM = WC4SMWCBL2;
				GENERATE_INFOPLIST_FILE = YES;
				IPHONEOS_DEPLOYMENT_TARGET = 17.2;
				MARKETING_VERSION = 1.0;
				PRODUCT_BUNDLE_IDENTIFIER = Neoguri.ColorBookMarkV2Tests;
				PRODUCT_NAME = "$(TARGET_NAME)";
				SWIFT_EMIT_LOC_STRINGS = NO;
				SWIFT_VERSION = 5.0;
				TARGETED_DEVICE_FAMILY = "1,2";
				TEST_HOST = "$(BUILT_PRODUCTS_DIR)/ColorBookMarkV2.app/$(BUNDLE_EXECUTABLE_FOLDER_PATH)/ColorBookMarkV2";
			};
			name = Release;
		};
		A48C03962B8AE83100690A10 /* Debug */ = {
			isa = XCBuildConfiguration;
			buildSettings = {
				ALWAYS_EMBED_SWIFT_STANDARD_LIBRARIES = YES;
				CODE_SIGN_STYLE = Automatic;
				CURRENT_PROJECT_VERSION = 1;
				DEVELOPMENT_TEAM = WC4SMWCBL2;
				GENERATE_INFOPLIST_FILE = YES;
				MARKETING_VERSION = 1.0;
				PRODUCT_BUNDLE_IDENTIFIER = Neoguri.ColorBookMarkV2UITests;
				PRODUCT_NAME = "$(TARGET_NAME)";
				SWIFT_EMIT_LOC_STRINGS = NO;
				SWIFT_VERSION = 5.0;
				TARGETED_DEVICE_FAMILY = "1,2";
				TEST_TARGET_NAME = ColorBookMarkV2;
			};
			name = Debug;
		};
		A48C03972B8AE83100690A10 /* Release */ = {
			isa = XCBuildConfiguration;
			buildSettings = {
				ALWAYS_EMBED_SWIFT_STANDARD_LIBRARIES = YES;
				CODE_SIGN_STYLE = Automatic;
				CURRENT_PROJECT_VERSION = 1;
				DEVELOPMENT_TEAM = WC4SMWCBL2;
				GENERATE_INFOPLIST_FILE = YES;
				MARKETING_VERSION = 1.0;
				PRODUCT_BUNDLE_IDENTIFIER = Neoguri.ColorBookMarkV2UITests;
				PRODUCT_NAME = "$(TARGET_NAME)";
				SWIFT_EMIT_LOC_STRINGS = NO;
				SWIFT_VERSION = 5.0;
				TARGETED_DEVICE_FAMILY = "1,2";
				TEST_TARGET_NAME = ColorBookMarkV2;
			};
			name = Release;
		};
		A48C03A62B8AF12500690A10 /* Debug */ = {
			isa = XCBuildConfiguration;
			buildSettings = {
				ASSETCATALOG_COMPILER_APPICON_NAME = AppIcon;
				ASSETCATALOG_COMPILER_GLOBAL_ACCENT_COLOR_NAME = AccentColor;
				CODE_SIGN_STYLE = Automatic;
				CURRENT_PROJECT_VERSION = 1;
				DEVELOPMENT_TEAM = WC4SMWCBL2;
				GENERATE_INFOPLIST_FILE = YES;
				INFOPLIST_FILE = "ColorBookMarkV2/Resources/Info-debug.plist";
				INFOPLIST_KEY_UIApplicationSupportsIndirectInputEvents = YES;
				INFOPLIST_KEY_UILaunchStoryboardName = LaunchScreen;
				INFOPLIST_KEY_UISupportedInterfaceOrientations_iPhone = "UIInterfaceOrientationPortrait UIInterfaceOrientationLandscapeLeft UIInterfaceOrientationLandscapeRight";
				LD_RUNPATH_SEARCH_PATHS = (
					"$(inherited)",
					"@executable_path/Frameworks",
				);
				MARKETING_VERSION = 1.0;
				PRODUCT_BUNDLE_IDENTIFIER = Neoguri.ColorBookMarkV2;
				PRODUCT_NAME = "$(TARGET_NAME)";
				SUPPORTED_PLATFORMS = "iphoneos iphonesimulator";
				SUPPORTS_MACCATALYST = NO;
				SUPPORTS_MAC_DESIGNED_FOR_IPHONE_IPAD = NO;
				SUPPORTS_XR_DESIGNED_FOR_IPHONE_IPAD = NO;
				SWIFT_EMIT_LOC_STRINGS = YES;
				SWIFT_VERSION = 5.0;
				TARGETED_DEVICE_FAMILY = 1;
			};
			name = Debug;
		};
		A48C03A72B8AF12500690A10 /* Release */ = {
			isa = XCBuildConfiguration;
			buildSettings = {
				ASSETCATALOG_COMPILER_APPICON_NAME = AppIcon;
				ASSETCATALOG_COMPILER_GLOBAL_ACCENT_COLOR_NAME = AccentColor;
				CODE_SIGN_STYLE = Automatic;
				CURRENT_PROJECT_VERSION = 1;
				DEVELOPMENT_TEAM = WC4SMWCBL2;
				GENERATE_INFOPLIST_FILE = YES;
				INFOPLIST_FILE = "ColorBookMarkV2/Resources/Info-debug.plist";
				INFOPLIST_KEY_UIApplicationSupportsIndirectInputEvents = YES;
				INFOPLIST_KEY_UILaunchStoryboardName = LaunchScreen;
				INFOPLIST_KEY_UISupportedInterfaceOrientations_iPhone = "UIInterfaceOrientationPortrait UIInterfaceOrientationLandscapeLeft UIInterfaceOrientationLandscapeRight";
				LD_RUNPATH_SEARCH_PATHS = (
					"$(inherited)",
					"@executable_path/Frameworks",
				);
				MARKETING_VERSION = 1.0;
				PRODUCT_BUNDLE_IDENTIFIER = Neoguri.ColorBookMarkV2;
				PRODUCT_NAME = "$(TARGET_NAME)";
				SUPPORTED_PLATFORMS = "iphoneos iphonesimulator";
				SUPPORTS_MACCATALYST = NO;
				SUPPORTS_MAC_DESIGNED_FOR_IPHONE_IPAD = NO;
				SUPPORTS_XR_DESIGNED_FOR_IPHONE_IPAD = NO;
				SWIFT_EMIT_LOC_STRINGS = YES;
				SWIFT_VERSION = 5.0;
				TARGETED_DEVICE_FAMILY = 1;
			};
			name = Release;
		};
/* End XCBuildConfiguration section */

/* Begin XCConfigurationList section */
		A48C03602B8AE83000690A10 /* Build configuration list for PBXProject "ColorBookMarkV2" */ = {
			isa = XCConfigurationList;
			buildConfigurations = (
				A48C038D2B8AE83100690A10 /* Debug */,
				A48C038E2B8AE83100690A10 /* Release */,
			);
			defaultConfigurationIsVisible = 0;
			defaultConfigurationName = Release;
		};
		A48C038F2B8AE83100690A10 /* Build configuration list for PBXNativeTarget "ColorBookMarkV2" */ = {
			isa = XCConfigurationList;
			buildConfigurations = (
				A48C03902B8AE83100690A10 /* Debug */,
				A48C03912B8AE83100690A10 /* Release */,
			);
			defaultConfigurationIsVisible = 0;
			defaultConfigurationName = Release;
		};
		A48C03922B8AE83100690A10 /* Build configuration list for PBXNativeTarget "ColorBookMarkV2Tests" */ = {
			isa = XCConfigurationList;
			buildConfigurations = (
				A48C03932B8AE83100690A10 /* Debug */,
				A48C03942B8AE83100690A10 /* Release */,
			);
			defaultConfigurationIsVisible = 0;
			defaultConfigurationName = Release;
		};
		A48C03952B8AE83100690A10 /* Build configuration list for PBXNativeTarget "ColorBookMarkV2UITests" */ = {
			isa = XCConfigurationList;
			buildConfigurations = (
				A48C03962B8AE83100690A10 /* Debug */,
				A48C03972B8AE83100690A10 /* Release */,
			);
			defaultConfigurationIsVisible = 0;
			defaultConfigurationName = Release;
		};
		A48C03A52B8AF12500690A10 /* Build configuration list for PBXNativeTarget "Debug" */ = {
			isa = XCConfigurationList;
			buildConfigurations = (
				A48C03A62B8AF12500690A10 /* Debug */,
				A48C03A72B8AF12500690A10 /* Release */,
			);
			defaultConfigurationIsVisible = 0;
			defaultConfigurationName = Release;
		};
/* End XCConfigurationList section */

/* Begin XCRemoteSwiftPackageReference section */
		A455639C2BA55B8400E5A83C /* XCRemoteSwiftPackageReference "RxSwift" */ = {
			isa = XCRemoteSwiftPackageReference;
			repositoryURL = "https://github.com/ReactiveX/RxSwift.git";
			requirement = {
				kind = upToNextMajorVersion;
				minimumVersion = 6.6.0;
			};
		};
		A45563A12BA595BF00E5A83C /* XCRemoteSwiftPackageReference "kakao-ios-sdk" */ = {
			isa = XCRemoteSwiftPackageReference;
			repositoryURL = "https://github.com/kakao/kakao-ios-sdk";
			requirement = {
				kind = upToNextMajorVersion;
				minimumVersion = 2.21.1;
			};
		};
		A476CD082BA0966300C93ED9 /* XCRemoteSwiftPackageReference "ReactorKit" */ = {
			isa = XCRemoteSwiftPackageReference;
			repositoryURL = "https://github.com/ReactorKit/ReactorKit.git";
			requirement = {
				kind = upToNextMajorVersion;
				minimumVersion = 3.2.0;
			};
		};
		A476CD092BA096C200C93ED9 /* XCRemoteSwiftPackageReference "SnapKit" */ = {
			isa = XCRemoteSwiftPackageReference;
			repositoryURL = "https://github.com/SnapKit/SnapKit.git";
			requirement = {
				kind = upToNextMajorVersion;
				minimumVersion = 5.7.1;
			};
		};
/* End XCRemoteSwiftPackageReference section */

/* Begin XCSwiftPackageProductDependency section */
		A45563902BA5576F00E5A83C /* ReactorKit */ = {
			isa = XCSwiftPackageProductDependency;
			package = A476CD082BA0966300C93ED9 /* XCRemoteSwiftPackageReference "ReactorKit" */;
			productName = ReactorKit;
		};
		A45563922BA5576F00E5A83C /* SnapKit */ = {
			isa = XCSwiftPackageProductDependency;
			package = A476CD092BA096C200C93ED9 /* XCRemoteSwiftPackageReference "SnapKit" */;
			productName = SnapKit;
		};
		A45563942BA5577800E5A83C /* ReactorKit */ = {
			isa = XCSwiftPackageProductDependency;
			package = A476CD082BA0966300C93ED9 /* XCRemoteSwiftPackageReference "ReactorKit" */;
			productName = ReactorKit;
		};
		A45563962BA5577800E5A83C /* SnapKit */ = {
			isa = XCSwiftPackageProductDependency;
			package = A476CD092BA096C200C93ED9 /* XCRemoteSwiftPackageReference "SnapKit" */;
			productName = SnapKit;
		};
		A455639D2BA55B9200E5A83C /* RxCocoa */ = {
			isa = XCSwiftPackageProductDependency;
			package = A455639C2BA55B8400E5A83C /* XCRemoteSwiftPackageReference "RxSwift" */;
			productName = RxCocoa;
		};
		A455639F2BA55B9B00E5A83C /* RxCocoa */ = {
			isa = XCSwiftPackageProductDependency;
			package = A455639C2BA55B8400E5A83C /* XCRemoteSwiftPackageReference "RxSwift" */;
			productName = RxCocoa;
		};
		A45563A22BA595D100E5A83C /* KakaoSDK */ = {
			isa = XCSwiftPackageProductDependency;
			package = A45563A12BA595BF00E5A83C /* XCRemoteSwiftPackageReference "kakao-ios-sdk" */;
			productName = KakaoSDK;
		};
		A45563A42BA595D100E5A83C /* KakaoSDKAuth */ = {
			isa = XCSwiftPackageProductDependency;
			package = A45563A12BA595BF00E5A83C /* XCRemoteSwiftPackageReference "kakao-ios-sdk" */;
			productName = KakaoSDKAuth;
		};
		A45563A62BA595DA00E5A83C /* KakaoSDK */ = {
			isa = XCSwiftPackageProductDependency;
			package = A45563A12BA595BF00E5A83C /* XCRemoteSwiftPackageReference "kakao-ios-sdk" */;
			productName = KakaoSDK;
		};
		A45563A82BA595DA00E5A83C /* KakaoSDKAuth */ = {
			isa = XCSwiftPackageProductDependency;
			package = A45563A12BA595BF00E5A83C /* XCRemoteSwiftPackageReference "kakao-ios-sdk" */;
			productName = KakaoSDKAuth;
		};
/* End XCSwiftPackageProductDependency section */
	};
	rootObject = A48C035D2B8AE83000690A10 /* Project object */;
}
